
Microsoft Visual Studio Solution File, Format Version 12.00
# Visual Studio Version 16
VisualStudioVersion = 16.0.32901.82
MinimumVisualStudioVersion = 10.0.40219.1
Project("{FAE04EC0-301F-11D3-BF4B-00C04F79EFBC}") = "eebot_CSharp", "eebot_CSharp.csproj", "{AEFAAF63-A752-44B6-B3E3-7B833B03DB50}"
EndProject
Global
	GlobalSection(SolutionConfigurationPlatforms) = preSolution
		Debug|Any CPU = Debug|Any CPU
		Release|Any CPU = Release|Any CPU
	EndGlobalSection
	GlobalSection(ProjectConfigurationPlatforms) = postSolution
		{AEFAAF63-A752-44B6-B3E3-7B833B03DB50}.Debug|Any CPU.ActiveCfg = Debug|Any CPU
		{AEFAAF63-A752-44B6-B3E3-7B833B03DB50}.Debug|Any CPU.Build.0 = Debug|Any CPU
		{AEFAAF63-A752-44B6-B3E3-7B833B03DB50}.Release|Any CPU.ActiveCfg = Release|Any CPU
		{AEFAAF63-A752-44B6-B3E3-7B833B03DB50}.Release|Any CPU.Build.0 = Release|Any CPU
	EndGlobalSection
	GlobalSection(SolutionProperties) = preSolution
		HideSolutionNode = FALSE
	EndGlobalSection
	GlobalSection(ExtensibilityGlobals) = postSolution
		SolutionGuid = {2963081D-101D-4FD2-BAFA-78927CCA16DD}
	EndGlobalSection
EndGlobal
